GIT
  remote: https://github.com/brianhempel/active_record_union.git
  revision: 8ebe558709aabe039abd24e3e7dd4d4354a6de88
  ref: 8ebe558709aabe039abd24e3e7dd4d4354a6de88
  specs:
    active_record_union (1.3.0)
      activerecord (>= 6.0)

GIT
  remote: https://github.com/keygen-sh/clickhouse-activerecord.git
  revision: 88af993830c84c12b8c86c34d0520a8363f499da
  ref: 88af993830c84c12b8c86c34d0520a8363f499da
  specs:
    clickhouse-activerecord (1.6.1)
      activerecord (>= 7.1, < 9.0)
      bundler (>= 1.13.4)

GIT
  remote: https://github.com/stripe-ruby-mock/stripe-ruby-mock.git
  revision: 6ceea9679bb573cb8bc6830f1bdf670b220a9859
  ref: 6ceea9679bb573cb8bc6830f1bdf670b220a9859
  specs:
    stripe-ruby-mock (3.1.0.rc3)
      dante (>= 0.2.0)
      multi_json (~> 1.0)
      stripe (> 5, < 6)

GEM
  remote: https://rubygems.org/
  specs:
    aasm (5.0.8)
      concurrent-ruby (~> 1.0)
    action_policy (0.7.5)
      ruby-next-core (>= 1.0)
    action_text-trix (2.1.15)
      railties
    actioncable (8.1.1)
      actionpack (= 8.1.1)
      activesupport (= 8.1.1)
      nio4r (~> 2.0)
      websocket-driver (>= 0.6.1)
      zeitwerk (~> 2.6)
    actionmailbox (8.1.1)
      actionpack (= 8.1.1)
      activejob (= 8.1.1)
      activerecord (= 8.1.1)
      activestorage (= 8.1.1)
      activesupport (= 8.1.1)
      mail (>= 2.8.0)
    actionmailer (8.1.1)
      actionpack (= 8.1.1)
      actionview (= 8.1.1)
      activejob (= 8.1.1)
      activesupport (= 8.1.1)
      mail (>= 2.8.0)
      rails-dom-testing (~> 2.2)
    actionpack (8.1.1)
      actionview (= 8.1.1)
      activesupport (= 8.1.1)
      nokogiri (>= 1.8.5)
      rack (>= 2.2.4)
      rack-session (>= 1.0.1)
      rack-test (>= 0.6.3)
      rails-dom-testing (~> 2.2)
      rails-html-sanitizer (~> 1.6)
      useragent (~> 0.16)
    actiontext (8.1.1)
      action_text-trix (~> 2.1.15)
      actionpack (= 8.1.1)
      activerecord (= 8.1.1)
      activestorage (= 8.1.1)
      activesupport (= 8.1.1)
      globalid (>= 0.6.0)
      nokogiri (>= 1.8.5)
    actionview (8.1.1)
      activesupport (= 8.1.1)
      builder (~> 3.1)
      erubi (~> 1.11)
      rails-dom-testing (~> 2.2)
      rails-html-sanitizer (~> 1.6)
    active_record_distinct_on (1.10.0)
      activerecord (>= 6.1)
    activejob (8.1.1)
      activesupport (= 8.1.1)
      globalid (>= 0.3.6)
    activemodel (8.1.1)
      activesupport (= 8.1.1)
    activerecord (8.1.1)
      activemodel (= 8.1.1)
      activesupport (= 8.1.1)
      timeout (>= 0.4.0)
    activerecord_where_assoc (1.3.0)
      activerecord (>= 4.1.0)
    activestorage (8.1.1)
      actionpack (= 8.1.1)
      activejob (= 8.1.1)
      activerecord (= 8.1.1)
      activesupport (= 8.1.1)
      marcel (~> 1.0)
    activesupport (8.1.1)
      base64
      bigdecimal
      concurrent-ruby (~> 1.0, >= 1.3.1)
      connection_pool (>= 2.2.5)
      drb
      i18n (>= 1.6, < 2)
      json
      logger (>= 1.4.2)
      minitest (>= 5.1)
      securerandom (>= 0.3)
      tzinfo (~> 2.0, >= 2.0.5)
      uri (>= 0.13.1)
    addressable (2.8.0)
      public_suffix (>= 2.0.2, < 5.0)
    anbt-sql-formatter (0.1.0)
    ar_lazy_preload (2.0.0)
    aws-eventstream (1.2.0)
    aws-partitions (1.571.0)
    aws-sdk-core (3.130.0)
      aws-eventstream (~> 1, >= 1.0.2)
      aws-partitions (~> 1, >= 1.525.0)
      aws-sigv4 (~> 1.1)
      jmespath (~> 1.0)
    aws-sdk-kms (1.55.0)
      aws-sdk-core (~> 3, >= 3.127.0)
      aws-sigv4 (~> 1.1)
    aws-sdk-s3 (1.113.0)
      aws-sdk-core (~> 3, >= 3.127.0)
      aws-sdk-kms (~> 1)
      aws-sigv4 (~> 1.4)
    aws-sigv4 (1.4.0)
      aws-eventstream (~> 1, >= 1.0.2)
    barnes (0.0.9)
      multi_json (~> 1)
      statsd-ruby (~> 1.1)
    base64 (0.3.0)
    bcrypt (3.1.17)
    bigdecimal (3.3.1)
    builder (3.3.0)
    bullet (8.1.0)
      activesupport (>= 3.0.0)
      uniform_notifier (~> 1.11)
    byebug (11.1.3)
    capybara (3.40.0)
      addressable
      matrix
      mini_mime (>= 0.1.3)
      nokogiri (~> 1.11)
      rack (>= 1.6.0)
      rack-test (>= 0.6.3)
      regexp_parser (>= 1.5, < 3.0)
      xpath (~> 3.2)
    compact_index (0.15.0)
    concurrent-ruby (1.3.5)
    connection_pool (2.5.4)
    crack (1.0.0)
      bigdecimal
      rexml
    crass (1.0.6)
    cronitor (5.3.0)
      httparty
    csv (3.3.0)
    cucumber (10.2.0)
      base64 (~> 0.2)
      builder (~> 3.2)
      cucumber-ci-environment (> 9, < 12)
      cucumber-core (> 15, < 17)
      cucumber-cucumber-expressions (> 17, < 20)
      cucumber-html-formatter (> 21, < 23)
      diff-lcs (~> 1.5)
      logger (~> 1.6)
      mini_mime (~> 1.1)
      multi_test (~> 1.1)
      sys-uname (~> 1.3)
    cucumber-ci-environment (11.0.0)
    cucumber-core (15.4.0)
      cucumber-gherkin (> 27, < 40)
      cucumber-messages (> 26, < 33)
      cucumber-tag-expressions (> 5, < 9)
    cucumber-cucumber-expressions (19.0.0)
      bigdecimal
    cucumber-gherkin (32.2.0)
      cucumber-messages (> 25, < 28)
    cucumber-html-formatter (22.3.0)
      cucumber-messages (> 23, < 33)
    cucumber-messages (27.2.0)
    cucumber-rails (4.0.0)
      capybara (>= 3.25, < 4)
      cucumber (>= 7, < 11)
      railties (>= 6.1, < 9)
    cucumber-tag-expressions (8.1.0)
    cuke_modeler (3.25.0)
      cucumber-gherkin (< 34.0)
    dante (0.2.0)
    database_cleaner (2.1.0)
      database_cleaner-active_record (>= 2, < 3)
    database_cleaner-active_record (2.2.2)
      activerecord (>= 5.a)
      database_cleaner-core (~> 2.0)
    database_cleaner-core (2.0.1)
    date (3.5.0)
    diff-lcs (1.5.0)
    dotenv (2.7.6)
    dotenv-rails (2.7.6)
      dotenv (= 2.7.6)
      railties (>= 3.2)
    drb (2.2.3)
    ed25519 (1.3.0)
    email_check (1.0.2)
    encryptor (3.0.0)
    erb (5.1.3)
    erubi (1.13.1)
    et-orbi (1.2.7)
      tzinfo
    factory_bot (6.5.5)
      activesupport (>= 6.1.0)
    factory_bot_rails (6.5.1)
      factory_bot (~> 6.5)
      railties (>= 6.1.0)
    faker (2.20.0)
      i18n (>= 1.8.11, < 2)
    ffi (1.15.5)
    fugit (1.9.0)
      et-orbi (~> 1, >= 1.2.7)
      raabro (~> 1.4)
    globalid (1.3.0)
      activesupport (>= 6.1)
    haikunator (1.1.1)
    has_scope (0.8.0)
      actionpack (>= 5.2)
      activesupport (>= 5.2)
    hashdiff (1.2.1)
    httparty (0.22.0)
      csv
      mini_mime (>= 1.0.0)
      multi_xml (>= 0.5.2)
    i18n (1.14.7)
      concurrent-ruby (~> 1.0)
    io-console (0.8.1)
    irb (1.15.3)
      pp (>= 0.6.0)
      rdoc (>= 4.0.0)
      reline (>= 0.4.2)
    jmespath (1.6.1)
    json (2.3.1)
    jsonapi-deserializable (0.2.0)
    jsonapi-parser (0.1.1)
    jsonapi-rails (0.4.0)
      jsonapi-parser (~> 0.1.0)
      jsonapi-rb (~> 0.5.0)
    jsonapi-rb (0.5.0)
      jsonapi-deserializable (~> 0.2.0)
      jsonapi-serializable (~> 0.3.0)
    jsonapi-renderer (0.2.2)
    jsonapi-serializable (0.3.1)
      jsonapi-renderer (~> 0.2.0)
    judoscale-rails (1.5.4)
      judoscale-ruby (= 1.5.4)
      railties
    judoscale-ruby (1.5.4)
    judoscale-sidekiq (1.5.4)
      judoscale-ruby (= 1.5.4)
      sidekiq (>= 5.0)
    jwt (2.10.1)
      base64
    kaminari (1.2.2)
      activesupport (>= 4.1.0)
      kaminari-actionview (= 1.2.2)
      kaminari-activerecord (= 1.2.2)
      kaminari-core (= 1.2.2)
    kaminari-actionview (1.2.2)
      actionview
      kaminari-core (= 1.2.2)
    kaminari-activerecord (1.2.2)
      activerecord
      kaminari-core (= 1.2.2)
    kaminari-core (1.2.2)
    listen (3.8.0)
      rb-fsevent (~> 0.10, >= 0.10.3)
      rb-inotify (~> 0.9, >= 0.9.10)
    logger (1.7.0)
    lograge (0.12.0)
      actionpack (>= 4)
      activesupport (>= 4)
      railties (>= 4)
      request_store (~> 1.0)
    loofah (2.24.1)
      crass (~> 1.0.2)
      nokogiri (>= 1.12.0)
    mail (2.9.0)
      logger
      mini_mime (>= 0.1.1)
      net-imap
      net-pop
      net-smtp
    marcel (1.1.0)
    matrix (0.4.3)
    memoist3 (1.0.0)
    memory_profiler (1.1.0)
    mini_mime (1.1.5)
    mini_portile2 (2.8.9)
    minitar (1.0.2)
    minitest (5.26.0)
    msgpack (1.7.2)
    multi_json (1.15.0)
    multi_test (1.1.0)
    multi_xml (0.7.1)
      bigdecimal (~> 3.1)
    net-imap (0.5.12)
      date
      net-protocol
    net-pop (0.1.2)
      net-protocol
    net-protocol (0.2.2)
      timeout
    net-smtp (0.5.1)
      net-protocol
    nio4r (2.7.5)
    nokogiri (1.16.8)
      mini_portile2 (~> 2.8.2)
      racc (~> 1.4)
    null_association (1.0.0)
      rails (>= 6.0)
    oj (3.13.23)
    openssl (3.1.0)
    order_as_specified (1.7)
      activerecord (>= 5.0.0)
    ostruct (0.6.3)
    parallel (1.27.0)
    parallel_tests (5.5.0)
      parallel
    pg (1.3.4)
    pp (0.6.3)
      prettyprint
    prettyprint (0.2.0)
    psych (5.2.6)
      date
      stringio
    public_suffix (4.0.6)
    puma (6.6.0)
      nio4r (~> 2.0)
    raabro (1.4.0)
    racc (1.8.1)
    rack (2.2.21)
    rack-attack (6.6.0)
      rack (>= 1.0, < 3)
    rack-cors (1.1.1)
      rack (>= 2.0.0)
    rack-session (1.0.2)
      rack (< 3)
    rack-test (2.2.0)
      rack (>= 1.3)
    rack-timeout (0.7.0)
    rackup (1.0.1)
      rack (< 3)
      webrick
    rails (8.1.1)
      actioncable (= 8.1.1)
      actionmailbox (= 8.1.1)
      actionmailer (= 8.1.1)
      actionpack (= 8.1.1)
      actiontext (= 8.1.1)
      actionview (= 8.1.1)
      activejob (= 8.1.1)
      activemodel (= 8.1.1)
      activerecord (= 8.1.1)
      activestorage (= 8.1.1)
      activesupport (= 8.1.1)
      bundler (>= 1.15.0)
      railties (= 8.1.1)
    rails-dom-testing (2.3.0)
      activesupport (>= 5.0.0)
      minitest
      nokogiri (>= 1.6)
    rails-html-sanitizer (1.6.2)
      loofah (~> 2.21)
      nokogiri (>= 1.15.7, != 1.16.7, != 1.16.6, != 1.16.5, != 1.16.4, != 1.16.3, != 1.16.2, != 1.16.1, != 1.16.0.rc1, != 1.16.0)
    rails-pattern_matching (0.2.0)
      activemodel
      activerecord
    railties (8.1.1)
      actionpack (= 8.1.1)
      activesupport (= 8.1.1)
      irb (~> 1.13)
      rackup (>= 1.0.0)
      rake (>= 12.2)
      thor (~> 1.0, >= 1.2.2)
      tsort (>= 0.2)
      zeitwerk (~> 2.6)
    rake (13.3.1)
    rb-fsevent (0.11.2)
    rb-inotify (0.10.1)
      ffi (~> 1.0)
    rdoc (6.15.1)
      erb
      psych (>= 4.0.0)
      tsort
    redis (4.7.1)
    redis-client (0.26.1)
      connection_pool
    regexp_parser (2.11.3)
    reline (0.6.2)
      io-console (~> 0.5)
    request_migrations (1.1.2)
      rails (>= 6.0)
      semverse (~> 3.0)
    request_store (1.5.1)
      rack (>= 1.4)
    rexml (3.4.4)
    rotp (6.2.0)
    rspec-core (3.13.5)
      rspec-support (~> 3.13.0)
    rspec-expectations (3.13.1)
      diff-lcs (>= 1.2.0, < 2.0)
      rspec-support (~> 3.13.0)
    rspec-mocks (3.13.5)
      diff-lcs (>= 1.2.0, < 2.0)
      rspec-support (~> 3.13.0)
    rspec-rails (8.0.2)
      actionpack (>= 7.2)
      activesupport (>= 7.2)
      railties (>= 7.2)
      rspec-core (~> 3.13)
      rspec-expectations (~> 3.13)
      rspec-mocks (~> 3.13)
      rspec-support (~> 3.13)
    rspec-support (3.13.1)
    ruby-next-core (1.1.2)
    ruby_http_client (3.5.5)
    securerandom (0.4.1)
    semverse (3.0.2)
    sendgrid-actionmailer (3.2.0)
      mail (~> 2.7)
      sendgrid-ruby (~> 6.4)
    sendgrid-ruby (6.6.2)
      ruby_http_client (~> 3.4)
    sentry-rails (6.1.0)
      railties (>= 5.2.0)
      sentry-ruby (~> 6.1.0)
    sentry-ruby (6.1.0)
      bigdecimal
      concurrent-ruby (~> 1.0, >= 1.0.2)
    sentry-sidekiq (6.1.0)
      sentry-ruby (~> 6.1.0)
      sidekiq (>= 5.0)
    sidekiq (7.3.9)
      base64
      connection_pool (>= 2.3.0)
      logger
      rack (>= 2.2.4)
      redis-client (>= 0.22.2)
    sidekiq-cron (1.12.0)
      fugit (~> 1.8)
      globalid (>= 1.0.1)
      sidekiq (>= 6)
    sidekiq-cronitor (3.8.0)
      cronitor (~> 5.1)
      sidekiq (< 8)
    stackprof (0.2.26)
    statement_timeout (1.1.0)
      rails (>= 6.0)
    statsd-ruby (1.5.0)
    stringio (3.1.7)
    stripe (5.48.0)
    strong_migrations (2.5.0)
      activerecord (>= 7.1)
    sys-uname (1.4.1)
      ffi (~> 1.1)
      memoist3 (~> 1.0.0)
    temporary_tables (1.0.0)
      activerecord (>= 6.0)
    thor (1.4.0)
    timecop (0.9.5)
    timeout (0.4.4)
    tracer (0.1.1)
    tsort (0.2.0)
    typed_params (1.4.1)
      rails (>= 6.0)
    tzinfo (2.0.6)
      concurrent-ruby (~> 1.0)
    uniform_notifier (1.18.0)
    union_of (1.0.1)
      rails (>= 7.0)
    uri (1.1.1)
    useragent (0.16.11)
    verbose_migrations (1.0.1)
      rails (>= 6.0)
    webmock (3.25.1)
      addressable (>= 2.8.0)
      crack (>= 0.3.2)
      hashdiff (>= 0.4.0, < 2.0.0)
    webrick (1.9.1)
    websocket-driver (0.8.0)
      base64
      websocket-extensions (>= 0.1.0)
    websocket-extensions (0.1.5)
    workos (5.26.0)
      encryptor (~> 3.0)
      jwt (~> 2.8)
    xpath (3.2.0)
      nokogiri (~> 1.8)
    zeitwerk (2.7.3)

PLATFORMS
  ruby

DEPENDENCIES
  aasm (~> 5.0.3)
  action_policy (~> 0.7.5)
  active_record_distinct_on (~> 1.7)
  active_record_union!
  activerecord_where_assoc (~> 1.2)
  anbt-sql-formatter
  ar_lazy_preload (~> 2.0)
  aws-sdk-s3 (~> 1)
  barnes
  bcrypt (= 3.1.17)
  bullet (~> 8)
  byebug
  clickhouse-activerecord!
  compact_index
  cucumber (~> 10.2)
  cucumber-rails (~> 4)
  cuke_modeler (~> 3.19)
  database_cleaner (~> 2.1)
  database_cleaner-active_record (~> 2.2)
  dotenv-rails
  ed25519
  email_check
  factory_bot_rails (~> 6.5)
  faker (~> 2.20.0)
  haikunator
  has_scope
  httparty (~> 0.22.0)
  json (~> 2.3.0)
  jsonapi-rails (= 0.4.0)
  judoscale-rails (~> 1.5.4)
  judoscale-sidekiq (~> 1.5.4)
  jwt
  kaminari (~> 1.2.0)
  listen (>= 3.8.0)
  lograge
  memory_profiler
  minitar
  msgpack (~> 1.7)
  nokogiri (~> 1.16.5)
  null_association
  oj
  openssl (~> 3.1.0)
  order_as_specified
  ostruct
  parallel_tests (~> 5.5)
  pg (~> 1.3.4)
  puma (~> 6.6)
  rack (~> 2.2.20)
  rack-attack (~> 6.6)
  rack-cors
  rack-timeout (~> 0.7)
  rails (~> 8)
  rails-pattern_matching
  redis (~> 4.7.1)
  request_migrations (~> 1.1.2)
  rotp (~> 6.2)
  rspec-expectations (~> 3.13)
  rspec-rails (~> 8)
  semverse
  sendgrid-actionmailer
  sendgrid-ruby
  sentry-rails
  sentry-ruby
  sentry-sidekiq
  sidekiq (~> 7.3)
  sidekiq-cron (~> 1.12.0)
  sidekiq-cronitor (~> 3.8.0)
  stackprof
  statement_timeout (~> 1.1)
  stripe (~> 5.43)
  stripe-ruby-mock!
  strong_migrations
  temporary_tables
  timecop (~> 0.9.5)
  tracer
  typed_params (~> 1.4.1)
  union_of
  uri (>= 0.12.2)
  verbose_migrations
  webmock (~> 3.25)
  workos (~> 5.26)

RUBY VERSION
   ruby 3.4.8p72

BUNDLED WITH
   2.5.22
